
Microsoft Visual Studio Solution File, Format Version 12.00
# Visual Studio Version 16
VisualStudioVersion = 16.0.29326.143
MinimumVisualStudioVersion = 10.0.40219.1
Project("{FAE04EC0-301F-11D3-BF4B-00C04F79EFBC}") = "TestingExample", "TestingExample\TestingExample.csproj", "{4587B5D9-E95E-4A72-A45A-807F85DFCFF3}"
EndProject
Project("{FAE04EC0-301F-11D3-BF4B-00C04F79EFBC}") = "TestingExampleTests", "TestingExampleTests\TestingExampleTests.csproj", "{973B7221-4F1F-4D18-A4BD-2E17BCFB11B5}"
EndProject
Global
	GlobalSection(SolutionConfigurationPlatforms) = preSolution
		Debug|Any CPU = Debug|Any CPU
		Release|Any CPU = Release|Any CPU
	EndGlobalSection
	GlobalSection(ProjectConfigurationPlatforms) = postSolution
		{4587B5D9-E95E-4A72-A45A-807F85DFCFF3}.Debug|Any CPU.ActiveCfg = Debug|Any CPU
		{4587B5D9-E95E-4A72-A45A-807F85DFCFF3}.Debug|Any CPU.Build.0 = Debug|Any CPU
		{4587B5D9-E95E-4A72-A45A-807F85DFCFF3}.Release|Any CPU.ActiveCfg = Release|Any CPU
		{4587B5D9-E95E-4A72-A45A-807F85DFCFF3}.Release|Any CPU.Build.0 = Release|Any CPU
		{973B7221-4F1F-4D18-A4BD-2E17BCFB11B5}.Debug|Any CPU.ActiveCfg = Debug|Any CPU
		{973B7221-4F1F-4D18-A4BD-2E17BCFB11B5}.Debug|Any CPU.Build.0 = Debug|Any CPU
		{973B7221-4F1F-4D18-A4BD-2E17BCFB11B5}.Release|Any CPU.ActiveCfg = Release|Any CPU
		{973B7221-4F1F-4D18-A4BD-2E17BCFB11B5}.Release|Any CPU.Build.0 = Release|Any CPU
	EndGlobalSection
	GlobalSection(SolutionProperties) = preSolution
		HideSolutionNode = FALSE
	EndGlobalSection
	GlobalSection(ExtensibilityGlobals) = postSolution
		SolutionGuid = {21602D26-D8BE-4161-8DA0-B3FCE06147D1}
	EndGlobalSection
EndGlobal
